
Microsoft Visual Studio Solution File, Format Version 12.00
Project("{FAE04EC0-301F-11D3-BF4B-00C04F79EFBC}") = "APBD6", "APBD6\APBD6.csproj", "{C69DB3D7-F603-4642-B00C-26F753C81277}"
EndProject
Global
	GlobalSection(SolutionConfigurationPlatforms) = preSolution
		Debug|Any CPU = Debug|Any CPU
		Release|Any CPU = Release|Any CPU
	EndGlobalSection
	GlobalSection(ProjectConfigurationPlatforms) = postSolution
		{C69DB3D7-F603-4642-B00C-26F753C81277}.Debug|Any CPU.ActiveCfg = Debug|Any CPU
		{C69DB3D7-F603-4642-B00C-26F753C81277}.Debug|Any CPU.Build.0 = Debug|Any CPU
		{C69DB3D7-F603-4642-B00C-26F753C81277}.Release|Any CPU.ActiveCfg = Release|Any CPU
		{C69DB3D7-F603-4642-B00C-26F753C81277}.Release|Any CPU.Build.0 = Release|Any CPU
	EndGlobalSection
EndGlobal
